<?xml version="1.0" encoding="utf-8"?>
<Project ToolsVersion="4.0" xmlns="http://schemas.microsoft.com/developer/msbuild/2003">
  <ItemGroup>
    <Filter Include="Source Files">
      <UniqueIdentifier>{4FC737F1-C7A5-4376-A066-2A32D752A2FF}</UniqueIdentifier>
      <Extensions>cpp;c;cc;cxx;def;odl;idl;hpj;bat;asm;asmx</Extensions>
    </Filter>
    <Filter Include="Header Files">
      <UniqueIdentifier>{93995380-89BD-4b04-88EB-625FBE52EBFB}</UniqueIdentifier>
      <Extensions>h;hh;hpp;hxx;hm;inl;inc;xsd</Extensions>
    </Filter>
    <Filter Include="Resource Files">
      <UniqueIdentifier>{67DA6AB6-F800-4c08-8B7A-83BB121AAD01}</UniqueIdentifier>
      <Extensions>rc;ico;cur;bmp;dlg;rc2;rct;bin;rgs;gif;jpg;jpeg;jpe;resx;tiff;tif;png;wav;mfcribbon-ms</Extensions>
    </Filter>
  </ItemGroup>
  <ItemGroup>
    <ClInclude Include="Config.h">
      <Filter>Source Files</Filter>
    </ClInclude>
    <ClInclude Include="gl.h">
      <Filter>Source Files</Filter>
    </ClInclude>
    <ClInclude Include="Mesh.h">
      <Filter>Source Files</Filter>
    </ClInclude>
    <ClInclude Include="Material.h">
      <Filter>Source Files</Filter>
    </ClInclude>
    <ClInclude Include="ShaderProgram.h">
      <Filter>Source Files</Filter>
    </ClInclude>
    <ClInclude Include="PsShader.h">
      <Filter>Source Files</Filter>
    </ClInclude>
    <ClInclude Include="VsShader.h">
      <Filter>Source Files</Filter>
    </ClInclude>
    <ClInclude Include="ShaderUniform.h">
      <Filter>Source Files</Filter>
    </ClInclude>
    <ClInclude Include="ShaderAttribute.h">
      <Filter>Source Files</Filter>
    </ClInclude>
    <ClInclude Include="RenderSettings.h">
      <Filter>Source Files</Filter>
    </ClInclude>
    <ClInclude Include="TextureSettings.h">
      <Filter>Source Files</Filter>
    </ClInclude>
    <ClInclude Include="Renderer.h">
      <Filter>Source Files</Filter>
    </ClInclude>
    <ClInclude Include="RenderContext.h">
      <Filter>Source Files</Filter>
    </ClInclude>
    <ClInclude Include="File.h">
      <Filter>Source Files</Filter>
    </ClInclude>
    <ClInclude Include="Exception.h">
      <Filter>Source Files</Filter>
    </ClInclude>
    <ClInclude Include="InputStream.h">
      <Filter>Source Files</Filter>
    </ClInclude>
    <ClInclude Include="RenderQueue.h">
      <Filter>Source Files</Filter>
    </ClInclude>
    <ClInclude Include="Camera.h">
      <Filter>Source Files</Filter>
    </ClInclude>
    <ClInclude Include="Plane.h">
      <Filter>Source Files</Filter>
    </ClInclude>
    <ClInclude Include="Ray3.h">
      <Filter>Source Files</Filter>
    </ClInclude>
    <ClInclude Include="Rectangle2.h">
      <Filter>Source Files</Filter>
    </ClInclude>
    <ClInclude Include="Renderable.h">
      <Filter>Source Files</Filter>
    </ClInclude>
    <ClInclude Include="MeshR.h">
      <Filter>Source Files</Filter>
    </ClInclude>
    <ClInclude Include="Transform.h">
      <Filter>Source Files</Filter>
    </ClInclude>
    <ClInclude Include="PGeom.h">
      <Filter>Source Files</Filter>
    </ClInclude>
    <ClInclude Include="Uniform.h">
      <Filter>Source Files</Filter>
    </ClInclude>
    <ClInclude Include="Obj.h">
      <Filter>Source Files</Filter>
    </ClInclude>
    <ClInclude Include="Bounds.h">
      <Filter>Source Files</Filter>
    </ClInclude>
    <ClInclude Include="Lines.h">
      <Filter>Source Files</Filter>
    </ClInclude>
    <ClInclude Include="LinesR.h">
      <Filter>Source Files</Filter>
    </ClInclude>
    <ClInclude Include="Cubemap.h">
      <Filter>Source Files</Filter>
    </ClInclude>
    <ClInclude Include="Logger.h">
      <Filter>Source Files</Filter>
    </ClInclude>
    <ClInclude Include="Animation.h">
      <Filter>Source Files</Filter>
    </ClInclude>
    <ClInclude Include="LineGeom.h">
      <Filter>Source Files</Filter>
    </ClInclude>
    <ClInclude Include="MeshGeom.h">
      <Filter>Source Files</Filter>
    </ClInclude>
    <ClInclude Include="SkinMeshR.h">
      <Filter>Source Files</Filter>
    </ClInclude>
  </ItemGroup>
  <ItemGroup>
    <ClCompile Include="Mesh.cpp">
      <Filter>Source Files</Filter>
    </ClCompile>
    <ClCompile Include="Material.cpp">
      <Filter>Source Files</Filter>
    </ClCompile>
    <ClCompile Include="ShaderProgram.cpp">
      <Filter>Source Files</Filter>
    </ClCompile>
    <ClCompile Include="VsShader.cpp">
      <Filter>Source Files</Filter>
    </ClCompile>
    <ClCompile Include="PsShader.cpp">
      <Filter>Source Files</Filter>
    </ClCompile>
    <ClCompile Include="ShaderUniform.cpp">
      <Filter>Source Files</Filter>
    </ClCompile>
    <ClCompile Include="ShaderAttribute.cpp">
      <Filter>Source Files</Filter>
    </ClCompile>
    <ClCompile Include="RenderSettings.cpp">
      <Filter>Source Files</Filter>
    </ClCompile>
    <ClCompile Include="TextureSettings.cpp">
      <Filter>Source Files</Filter>
    </ClCompile>
    <ClCompile Include="Renderer.cpp">
      <Filter>Source Files</Filter>
    </ClCompile>
    <ClCompile Include="RenderContext.cpp">
      <Filter>Source Files</Filter>
    </ClCompile>
    <ClCompile Include="File.cpp">
      <Filter>Source Files</Filter>
    </ClCompile>
    <ClCompile Include="Exception.cpp">
      <Filter>Source Files</Filter>
    </ClCompile>
    <ClCompile Include="InputStream.cpp">
      <Filter>Source Files</Filter>
    </ClCompile>
    <ClCompile Include="RenderQueue.cpp">
      <Filter>Source Files</Filter>
    </ClCompile>
    <ClCompile Include="Camera.cpp">
      <Filter>Source Files</Filter>
    </ClCompile>
    <ClCompile Include="Plane.cpp">
      <Filter>Source Files</Filter>
    </ClCompile>
    <ClCompile Include="Ray3.cpp">
      <Filter>Source Files</Filter>
    </ClCompile>
    <ClCompile Include="Rectangle2.cpp">
      <Filter>Source Files</Filter>
    </ClCompile>
    <ClCompile Include="Renderable.cpp">
      <Filter>Source Files</Filter>
    </ClCompile>
    <ClCompile Include="MeshR.cpp">
      <Filter>Source Files</Filter>
    </ClCompile>
    <ClCompile Include="Transform.cpp">
      <Filter>Source Files</Filter>
    </ClCompile>
    <ClCompile Include="PGeom.cpp">
      <Filter>Source Files</Filter>
    </ClCompile>
    <ClCompile Include="Uniform.cpp">
      <Filter>Source Files</Filter>
    </ClCompile>
    <ClCompile Include="Obj.cpp">
      <Filter>Source Files</Filter>
    </ClCompile>
    <ClCompile Include="Bounds.cpp">
      <Filter>Source Files</Filter>
    </ClCompile>
    <ClCompile Include="jsoncpp.cpp">
      <Filter>Source Files</Filter>
    </ClCompile>
    <ClCompile Include="Lines.cpp">
      <Filter>Source Files</Filter>
    </ClCompile>
    <ClCompile Include="LinesR.cpp">
      <Filter>Source Files</Filter>
    </ClCompile>
    <ClCompile Include="Cubemap.cpp">
      <Filter>Source Files</Filter>
    </ClCompile>
    <ClCompile Include="Logger.cpp">
      <Filter>Source Files</Filter>
    </ClCompile>
    <ClCompile Include="MeshGeom.cpp">
      <Filter>Source Files</Filter>
    </ClCompile>
    <ClCompile Include="LineGeom.cpp">
      <Filter>Source Files</Filter>
    </ClCompile>
    <ClCompile Include="Animation.cpp">
      <Filter>Source Files</Filter>
    </ClCompile>
    <ClCompile Include="SkinMeshR.cpp">
      <Filter>Source Files</Filter>
    </ClCompile>
  </ItemGroup>
</Project>