<?xml version="1.0" encoding="utf-8"?>
<Project ToolsVersion="4.0" xmlns="http://schemas.microsoft.com/developer/msbuild/2003">
  <ItemGroup>
    <Filter Include="Source Files">
      <UniqueIdentifier>{4FC737F1-C7A5-4376-A066-2A32D752A2FF}</UniqueIdentifier>
      <Extensions>cpp;c;cc;cxx;def;odl;idl;hpj;bat;asm;asmx</Extensions>
    </Filter>
    <Filter Include="Header Files">
      <UniqueIdentifier>{93995380-89BD-4b04-88EB-625FBE52EBFB}</UniqueIdentifier>
      <Extensions>h;hh;hpp;hxx;hm;inl;inc;xsd</Extensions>
    </Filter>
    <Filter Include="Resource Files">
      <UniqueIdentifier>{67DA6AB6-F800-4c08-8B7A-83BB121AAD01}</UniqueIdentifier>
      <Extensions>rc;ico;cur;bmp;dlg;rc2;rct;bin;rgs;gif;jpg;jpeg;jpe;resx;tiff;tif;png;wav;mfcribbon-ms</Extensions>
    </Filter>
    <Filter Include="Shaders">
      <UniqueIdentifier>{f142afda-2e57-48ef-ade8-db39e14f94be}</UniqueIdentifier>
    </Filter>
  </ItemGroup>
  <ItemGroup>
    <ClCompile Include="main.cpp">
      <Filter>Source Files</Filter>
    </ClCompile>
    <ClCompile Include="Application.cpp">
      <Filter>Source Files</Filter>
    </ClCompile>
    <ClCompile Include="CollisionSystem.cpp">
      <Filter>Source Files</Filter>
    </ClCompile>
    <ClCompile Include="ExpirationSystem.cpp">
      <Filter>Source Files</Filter>
    </ClCompile>
    <ClCompile Include="PhysicsSystem.cpp">
      <Filter>Source Files</Filter>
    </ClCompile>
    <ClCompile Include="PlayerSystem.cpp">
      <Filter>Source Files</Filter>
    </ClCompile>
    <ClCompile Include="RenderSystem.cpp">
      <Filter>Source Files</Filter>
    </ClCompile>
    <ClCompile Include="TransformComponent.cpp">
      <Filter>Source Files</Filter>
    </ClCompile>
    <ClCompile Include="PhysicsComponent.cpp">
      <Filter>Source Files</Filter>
    </ClCompile>
    <ClCompile Include="ExpireComponent.cpp">
      <Filter>Source Files</Filter>
    </ClCompile>
    <ClCompile Include="PlayerComponent.cpp">
      <Filter>Source Files</Filter>
    </ClCompile>
    <ClCompile Include="RenderComponent.cpp">
      <Filter>Source Files</Filter>
    </ClCompile>
    <ClCompile Include="EntityFactory.cpp">
      <Filter>Source Files</Filter>
    </ClCompile>
    <ClCompile Include="BulletDebug.cpp">
      <Filter>Source Files</Filter>
    </ClCompile>
    <ClCompile Include="BulletUtil.cpp">
      <Filter>Source Files</Filter>
    </ClCompile>
    <ClCompile Include="Resource.cpp">
      <Filter>Source Files</Filter>
    </ClCompile>
  </ItemGroup>
  <ItemGroup>
    <None Include="axis.nff">
      <Filter>Source Files</Filter>
    </None>
    <None Include="player.nff">
      <Filter>Source Files</Filter>
    </None>
    <None Include="box.frag">
      <Filter>Shaders</Filter>
    </None>
    <None Include="box.vert">
      <Filter>Shaders</Filter>
    </None>
    <None Include="box_dpl.frag">
      <Filter>Shaders</Filter>
    </None>
    <None Include="box_dpl.vert">
      <Filter>Shaders</Filter>
    </None>
    <None Include="shaders.json">
      <Filter>Shaders</Filter>
    </None>
    <None Include="debug.vert">
      <Filter>Shaders</Filter>
    </None>
    <None Include="debug.frag">
      <Filter>Shaders</Filter>
    </None>
    <None Include="bullet.frag">
      <Filter>Shaders</Filter>
    </None>
    <None Include="bullet.vert">
      <Filter>Shaders</Filter>
    </None>
    <None Include="asteroid.frag">
      <Filter>Shaders</Filter>
    </None>
    <None Include="asteroid.vert">
      <Filter>Shaders</Filter>
    </None>
    <None Include="uni_outer.frag">
      <Filter>Shaders</Filter>
    </None>
    <None Include="uni_outer.vert">
      <Filter>Shaders</Filter>
    </None>
    <None Include="uni_inner.frag">
      <Filter>Shaders</Filter>
    </None>
    <None Include="uni_inner.vert">
      <Filter>Shaders</Filter>
    </None>
    <None Include="teapot.frag">
      <Filter>Shaders</Filter>
    </None>
    <None Include="teapot.vert">
      <Filter>Shaders</Filter>
    </None>
    <None Include="axis.frag">
      <Filter>Shaders</Filter>
    </None>
    <None Include="axis.vert">
      <Filter>Shaders</Filter>
    </None>
  </ItemGroup>
  <ItemGroup>
    <ClInclude Include="RenderSystem.h">
      <Filter>Header Files</Filter>
    </ClInclude>
    <ClInclude Include="CollisionSystem.h">
      <Filter>Header Files</Filter>
    </ClInclude>
    <ClInclude Include="ExpirationSystem.h">
      <Filter>Header Files</Filter>
    </ClInclude>
    <ClInclude Include="PhysicsSystem.h">
      <Filter>Header Files</Filter>
    </ClInclude>
    <ClInclude Include="PlayerSystem.h">
      <Filter>Header Files</Filter>
    </ClInclude>
    <ClInclude Include="ExpireComponent.h">
      <Filter>Header Files</Filter>
    </ClInclude>
    <ClInclude Include="PhysicsComponent.h">
      <Filter>Header Files</Filter>
    </ClInclude>
    <ClInclude Include="PlayerComponent.h">
      <Filter>Header Files</Filter>
    </ClInclude>
    <ClInclude Include="RenderComponent.h">
      <Filter>Header Files</Filter>
    </ClInclude>
    <ClInclude Include="TransformComponent.h">
      <Filter>Header Files</Filter>
    </ClInclude>
    <ClInclude Include="EntityFactory.h">
      <Filter>Header Files</Filter>
    </ClInclude>
    <ClInclude Include="Application.h">
      <Filter>Header Files</Filter>
    </ClInclude>
    <ClInclude Include="BulletDebug.h">
      <Filter>Header Files</Filter>
    </ClInclude>
    <ClInclude Include="BulletUtil.h">
      <Filter>Header Files</Filter>
    </ClInclude>
    <ClInclude Include="Resource.h">
      <Filter>Header Files</Filter>
    </ClInclude>
  </ItemGroup>
</Project>